%{
  "cowboy": {:hex, :cowboy, "2.8.0", "f3dc62e35797ecd9ac1b50db74611193c29815401e53bac9a5c0577bd7bc667d", [:rebar3], [{:cowlib, "~> 2.9.1", [hex: :cowlib, repo: "hexpm", optional: false]}, {:ranch, "~> 1.7.1", [hex: :ranch, repo: "hexpm", optional: false]}], "hexpm", "4643e4fba74ac96d4d152c75803de6fad0b3fa5df354c71afdd6cbeeb15fac8a"},
  "cowlib": {:hex, :cowlib, "2.9.1", "61a6c7c50cf07fdd24b2f45b89500bb93b6686579b069a89f88cb211e1125c78", [:rebar3], [], "hexpm", "e4175dc240a70d996156160891e1c62238ede1729e45740bdd38064dad476170"},
  "gleam_beam": {:git, "https://github.com/midas-framework/beam.git", "89339b08d0b5ff3fdc050c8d6ed91eac3d1e65f0", []},
  "gleam_cowboy": {:hex, :gleam_cowboy, "0.2.2", "31ba888576631fe382fddef9625444c43815eab50496186e818a9f5d3baaa303", [:rebar3], [{:cowboy, "~> 2.8", [hex: :cowboy, repo: "hexpm", optional: false]}, {:gleam_http, "~> 1.6", [hex: :gleam_http, repo: "hexpm", optional: false]}, {:gleam_otp, "~> 0.1", [hex: :gleam_otp, repo: "hexpm", optional: false]}, {:gleam_stdlib, "~> 0.12", [hex: :gleam_stdlib, repo: "hexpm", optional: false]}], "hexpm", "995e18ac5a3676de0a972885abc1de1a1429dae1209ef514a8ae0b190587dc2a"},
  "gleam_file": {:hex, :gleam_file, "0.1.0", "abc70384ed70c2a7b0edc06bf018be47638958ca95d0db897755d6c92a432049", [:rebar3], [{:gleam_stdlib, "0.11.0", [hex: :gleam_stdlib, repo: "hexpm", optional: false]}], "hexpm", "5796f1581c70b8aa3d30de97f20466a1bdb88c87a9b04193a375ba0fe5edc602"},
  "gleam_http": {:hex, :gleam_http, "2.0.0", "5cedf334f58a5c646a302db98cefafc36c34606c8f479cb5ab27ed3c06a5c546", [:rebar3], [{:gleam_stdlib, "~> 0.14", [hex: :gleam_stdlib, repo: "hexpm", optional: false]}], "hexpm", "0fc0d01067e15e7aec0a46f5897962217eae9d3ea12fbab1c0b6813822b6a1f3"},
  "gleam_httpc": {:hex, :gleam_httpc, "1.0.1", "78482f39cfc384398c7ca610d205bcf9d4b5888ddb8d1d252c790e1770734dae", [:rebar3], [{:gleam_http, "~> 2.0", [hex: :gleam_http, repo: "hexpm", optional: false]}, {:gleam_stdlib, "~> 0.14", [hex: :gleam_stdlib, repo: "hexpm", optional: false]}], "hexpm", "3ec8f3110888af78a81d5e96aef32cbd1d40d13d3e29db04d175954840ddfcbe"},
  "gleam_json": {:hex, :gleam_json, "0.1.0", "8740eb85e079f38a15f2627d53c306491d90c43c423aae56a4abc371319cc346", [:rebar3], [{:gleam_stdlib, "0.10.1", [hex: :gleam_stdlib, repo: "hexpm", optional: false]}, {:jsone, "1.5.2", [hex: :jsone, repo: "hexpm", optional: false]}], "hexpm", "8c6f144bc4f2ddcb0347a84c4dee134bd771a8a7c95c135a31d373d5ea95652b"},
  "gleam_otp": {:hex, :gleam_otp, "0.1.4", "68adb5a9ede026804af8cb7d3826859094529cd7b6da4ac5fc6bec7b53a62a80", [:rebar3], [{:gleam_stdlib, "~> 0.11", [hex: :gleam_stdlib, repo: "hexpm", optional: false]}], "hexpm", "c36b2709e1703ce8582cdc4058e332a9bf8a2a4517e1813f0c761355c83e924b"},
  "gleam_stdlib": {:hex, :gleam_stdlib, "0.14.0", "765d90ac06f97d7a8e8f7ac4beda373879d98c78a27fd8deacc98aa34da2ddce", [:rebar3], [], "hexpm", "9107f6a859cb96945ad9a099085db028ca2bebb3c8ea42eec227b51c614cc2e0"},
  "gleam_uuid": {:git, "https://gitlab.com/ImmaculatePine/gleam_uuid.git", "b2c2d75966f82eaaeaa3468d4a0eaabe4a03217b", [branch: "gleam-0.14"]},
  "jsone": {:hex, :jsone, "1.5.2", "87adea283c9cf24767b4deed44602989a5331156df5d60a2660e9c9114d54046", [:rebar3], [], "hexpm", "170c171ce7f6dd70c858065154a3305b8564833c6dcca17e10b676ca31ea976f"},
  "mix_gleam": {:hex, :mix_gleam, "0.1.0", "a0cee5d30de865124a32ca6cd53b64c3e2ac57f12adf6e47b88fb673f47c716e", [:mix], [], "hexpm", "9ff518e6aab444c7f2e74038f9383020ef89810cf1f4402911f33b202ffd72e7"},
  "perimeter": {:git, "https://github.com/midas-framework/perimeter.git", "73649005d126ca5f6ea037f0c993296f41e49c9e", []},
  "ranch": {:hex, :ranch, "1.7.1", "6b1fab51b49196860b733a49c07604465a47bdb78aa10c1c16a3d199f7f8c881", [:rebar3], [], "hexpm", "451d8527787df716d99dc36162fca05934915db0b6141bbdac2ea8d3c7afc7d7"},
}
