{
  "name": "eyg_ir",
  "lockfileVersion": 3,
  "requires": true,
  "packages": {
    "": {
      "dependencies": {
        "@ipld/dag-json": "^10.2.3"
      }
    },
    "node_modules/@ipld/dag-json": {
      "version": "10.2.3",
      "resolved": "https://registry.npmjs.org/@ipld/dag-json/-/dag-json-10.2.3.tgz",
      "integrity": "sha512-itacv1j1hvYgLox2B42Msn70QLzcr0MEo5yGIENuw2SM/lQzq9bmBiMky+kDsIrsqqblKTXcHBZnnmK7D4a6ZQ==",
      "license": "Apache-2.0 OR MIT",
      "dependencies": {
        "cborg": "^4.0.0",
        "multiformats": "^13.1.0"
      },
      "engines": {
        "node": ">=16.0.0",
        "npm": ">=7.0.0"
      }
    },
    "node_modules/cborg": {
      "version": "4.2.8",
      "resolved": "https://registry.npmjs.org/cborg/-/cborg-4.2.8.tgz",
      "integrity": "sha512-z9M+TZCWQbf89Gl8ulpYThM9fqmkjBDdMiq+wS72OAK2zqDaXNquoAWFDrAKHQAukVtPspmadB9chuFC0ut7ew==",
      "license": "Apache-2.0",
      "bin": {
        "cborg": "lib/bin.js"
      }
    },
    "node_modules/multiformats": {
      "version": "13.3.1",
      "resolved": "https://registry.npmjs.org/multiformats/-/multiformats-13.3.1.tgz",
      "integrity": "sha512-QxowxTNwJ3r5RMctoGA5p13w5RbRT2QDkoM+yFlqfLiioBp78nhDjnRLvmSBI9+KAqN4VdgOVWM9c0CHd86m3g==",
      "license": "Apache-2.0 OR MIT"
    }
  }
}
