{
    "name": "eyg-run",
    "version": "0.2.0",
    "lockfileVersion": 3,
    "requires": true,
    "packages": {
        "": {
            "name": "eyg-run",
            "version": "0.2.0",
            "dependencies": {
                "immutable": "^4.3.7"
            },
            "bin": {
                "eyg": "bin.js"
            }
        },
        "node_modules/immutable": {
            "version": "4.3.7",
            "resolved": "https://registry.npmjs.org/immutable/-/immutable-4.3.7.tgz",
            "integrity": "sha512-1hqclzwYwjRDFLjcFxOM5AYkkG0rpFPpr1RLPMEuGczoS7YA8gLhy8SWXYRAA/XwfEHpfo3cw5JGioS32fnMRw=="
        }
    }
}
